// !$*UTF8*$!
{
	archiveVersion = 1;
	classes = {
	};
	objectVersion = 56;
	objects = {

/* Begin PBXBuildFile section */
		8630C2C92BBDB0DA00C68995 /* AppDelegate.swift in Sources */ = {isa = PBXBuildFile; fileRef = 8630C2C82BBDB0DA00C68995 /* AppDelegate.swift */; };
		8630C2CB2BBDB0DA00C68995 /* SceneDelegate.swift in Sources */ = {isa = PBXBuildFile; fileRef = 8630C2CA2BBDB0DA00C68995 /* SceneDelegate.swift */; };
		8630C2CD2BBDB0DA00C68995 /* ViewController.swift in Sources */ = {isa = PBXBuildFile; fileRef = 8630C2CC2BBDB0DA00C68995 /* ViewController.swift */; };
		8630C2D02BBDB0DA00C68995 /* Base in Resources */ = {isa = PBXBuildFile; fileRef = 8630C2CF2BBDB0DA00C68995 /* Base */; };
		8630C2D22BBDB0DB00C68995 /* Assets.xcassets in Resources */ = {isa = PBXBuildFile; fileRef = 8630C2D12BBDB0DB00C68995 /* Assets.xcassets */; };
		8630C2D52BBDB0DB00C68995 /* Base in Resources */ = {isa = PBXBuildFile; fileRef = 8630C2D42BBDB0DB00C68995 /* Base */; };
		8630C2E02BBDB0DC00C68995 /* Take_your_moneyTests.swift in Sources */ = {isa = PBXBuildFile; fileRef = 8630C2DF2BBDB0DC00C68995 /* Take_your_moneyTests.swift */; };
		8630C2EA2BBDB0DC00C68995 /* Take_your_moneyUITests.swift in Sources */ = {isa = PBXBuildFile; fileRef = 8630C2E92BBDB0DC00C68995 /* Take_your_moneyUITests.swift */; };
		8630C2EC2BBDB0DC00C68995 /* Take_your_moneyUITestsLaunchTests.swift in Sources */ = {isa = PBXBuildFile; fileRef = 8630C2EB2BBDB0DC00C68995 /* Take_your_moneyUITestsLaunchTests.swift */; };
		8630C2FD2BBDD65600C68995 /* Tabbar.storyboard in Resources */ = {isa = PBXBuildFile; fileRef = 8630C2FC2BBDD65600C68995 /* Tabbar.storyboard */; };
		8630C2FF2BBDDF6600C68995 /* TabBarController.swift in Sources */ = {isa = PBXBuildFile; fileRef = 8630C2FE2BBDDF6600C68995 /* TabBarController.swift */; };
		8630C3032BBDE2D100C68995 /* expenseViewController.swift in Sources */ = {isa = PBXBuildFile; fileRef = 8630C3022BBDE2D100C68995 /* expenseViewController.swift */; };
		8630C3052BBDE2E300C68995 /* incomeViewController.swift in Sources */ = {isa = PBXBuildFile; fileRef = 8630C3042BBDE2E300C68995 /* incomeViewController.swift */; };
		8630C3072BBDE78D00C68995 /* expenseObject.swift in Sources */ = {isa = PBXBuildFile; fileRef = 8630C3062BBDE78D00C68995 /* expenseObject.swift */; };
		8630C3092BBDEE1800C68995 /* ExpenseTableViewCell.swift in Sources */ = {isa = PBXBuildFile; fileRef = 8630C3082BBDEE1800C68995 /* ExpenseTableViewCell.swift */; };
/* End PBXBuildFile section */

/* Begin PBXContainerItemProxy section */
		8630C2DC2BBDB0DC00C68995 /* PBXContainerItemProxy */ = {
			isa = PBXContainerItemProxy;
			containerPortal = 8630C2BD2BBDB0DA00C68995 /* Project object */;
			proxyType = 1;
			remoteGlobalIDString = 8630C2C42BBDB0DA00C68995;
			remoteInfo = "Take your money";
		};
		8630C2E62BBDB0DC00C68995 /* PBXContainerItemProxy */ = {
			isa = PBXContainerItemProxy;
			containerPortal = 8630C2BD2BBDB0DA00C68995 /* Project object */;
			proxyType = 1;
			remoteGlobalIDString = 8630C2C42BBDB0DA00C68995;
			remoteInfo = "Take your money";
		};
/* End PBXContainerItemProxy section */

/* Begin PBXFileReference section */
		8630C2C52BBDB0DA00C68995 /* Take your money.app */ = {isa = PBXFileReference; explicitFileType = wrapper.application; includeInIndex = 0; path = "Take your money.app"; sourceTree = BUILT_PRODUCTS_DIR; };
		8630C2C82BBDB0DA00C68995 /* AppDelegate.swift */ = {isa = PBXFileReference; lastKnownFileType = sourcecode.swift; path = AppDelegate.swift; sourceTree = "<group>"; };
		8630C2CA2BBDB0DA00C68995 /* SceneDelegate.swift */ = {isa = PBXFileReference; lastKnownFileType = sourcecode.swift; path = SceneDelegate.swift; sourceTree = "<group>"; };
		8630C2CC2BBDB0DA00C68995 /* ViewController.swift */ = {isa = PBXFileReference; lastKnownFileType = sourcecode.swift; path = ViewController.swift; sourceTree = "<group>"; };
		8630C2CF2BBDB0DA00C68995 /* Base */ = {isa = PBXFileReference; lastKnownFileType = file.storyboard; name = Base; path = Base.lproj/Main.storyboard; sourceTree = "<group>"; };
		8630C2D12BBDB0DB00C68995 /* Assets.xcassets */ = {isa = PBXFileReference; lastKnownFileType = folder.assetcatalog; path = Assets.xcassets; sourceTree = "<group>"; };
		8630C2D42BBDB0DB00C68995 /* Base */ = {isa = PBXFileReference; lastKnownFileType = file.storyboard; name = Base; path = Base.lproj/LaunchScreen.storyboard; sourceTree = "<group>"; };
		8630C2D62BBDB0DB00C68995 /* Info.plist */ = {isa = PBXFileReference; lastKnownFileType = text.plist.xml; path = Info.plist; sourceTree = "<group>"; };
		8630C2DB2BBDB0DC00C68995 /* Take your moneyTests.xctest */ = {isa = PBXFileReference; explicitFileType = wrapper.cfbundle; includeInIndex = 0; path = "Take your moneyTests.xctest"; sourceTree = BUILT_PRODUCTS_DIR; };
		8630C2DF2BBDB0DC00C68995 /* Take_your_moneyTests.swift */ = {isa = PBXFileReference; lastKnownFileType = sourcecode.swift; path = Take_your_moneyTests.swift; sourceTree = "<group>"; };
		8630C2E52BBDB0DC00C68995 /* Take your moneyUITests.xctest */ = {isa = PBXFileReference; explicitFileType = wrapper.cfbundle; includeInIndex = 0; path = "Take your moneyUITests.xctest"; sourceTree = BUILT_PRODUCTS_DIR; };
		8630C2E92BBDB0DC00C68995 /* Take_your_moneyUITests.swift */ = {isa = PBXFileReference; lastKnownFileType = sourcecode.swift; path = Take_your_moneyUITests.swift; sourceTree = "<group>"; };
		8630C2EB2BBDB0DC00C68995 /* Take_your_moneyUITestsLaunchTests.swift */ = {isa = PBXFileReference; lastKnownFileType = sourcecode.swift; path = Take_your_moneyUITestsLaunchTests.swift; sourceTree = "<group>"; };
		8630C2FC2BBDD65600C68995 /* Tabbar.storyboard */ = {isa = PBXFileReference; lastKnownFileType = file.storyboard; path = Tabbar.storyboard; sourceTree = "<group>"; };
		8630C2FE2BBDDF6600C68995 /* TabBarController.swift */ = {isa = PBXFileReference; lastKnownFileType = sourcecode.swift; path = TabBarController.swift; sourceTree = "<group>"; };
		8630C3022BBDE2D100C68995 /* expenseViewController.swift */ = {isa = PBXFileReference; lastKnownFileType = sourcecode.swift; path = expenseViewController.swift; sourceTree = "<group>"; };
		8630C3042BBDE2E300C68995 /* incomeViewController.swift */ = {isa = PBXFileReference; lastKnownFileType = sourcecode.swift; path = incomeViewController.swift; sourceTree = "<group>"; };
		8630C3062BBDE78D00C68995 /* expenseObject.swift */ = {isa = PBXFileReference; lastKnownFileType = sourcecode.swift; path = expenseObject.swift; sourceTree = "<group>"; };
		8630C3082BBDEE1800C68995 /* ExpenseTableViewCell.swift */ = {isa = PBXFileReference; lastKnownFileType = sourcecode.swift; path = ExpenseTableViewCell.swift; sourceTree = "<group>"; };
/* End PBXFileReference section */

/* Begin PBXFrameworksBuildPhase section */
		8630C2C22BBDB0DA00C68995 /* Frameworks */ = {
			isa = PBXFrameworksBuildPhase;
			buildActionMask = 2147483647;
			files = (
			);
			runOnlyForDeploymentPostprocessing = 0;
		};
		8630C2D82BBDB0DC00C68995 /* Frameworks */ = {
			isa = PBXFrameworksBuildPhase;
			buildActionMask = 2147483647;
			files = (
			);
			runOnlyForDeploymentPostprocessing = 0;
		};
		8630C2E22BBDB0DC00C68995 /* Frameworks */ = {
			isa = PBXFrameworksBuildPhase;
			buildActionMask = 2147483647;
			files = (
			);
			runOnlyForDeploymentPostprocessing = 0;
		};
/* End PBXFrameworksBuildPhase section */

/* Begin PBXGroup section */
		8630C2BC2BBDB0DA00C68995 = {
			isa = PBXGroup;
			children = (
				8630C2C72BBDB0DA00C68995 /* Take your money */,
				8630C2DE2BBDB0DC00C68995 /* Take your moneyTests */,
				8630C2E82BBDB0DC00C68995 /* Take your moneyUITests */,
				8630C2C62BBDB0DA00C68995 /* Products */,
			);
			sourceTree = "<group>";
		};
		8630C2C62BBDB0DA00C68995 /* Products */ = {
			isa = PBXGroup;
			children = (
				8630C2C52BBDB0DA00C68995 /* Take your money.app */,
				8630C2DB2BBDB0DC00C68995 /* Take your moneyTests.xctest */,
				8630C2E52BBDB0DC00C68995 /* Take your moneyUITests.xctest */,
			);
			name = Products;
			sourceTree = "<group>";
		};
		8630C2C72BBDB0DA00C68995 /* Take your money */ = {
			isa = PBXGroup;
			children = (
				8630C2FB2BBDD62800C68995 /* Tabbar */,
				8630C2C82BBDB0DA00C68995 /* AppDelegate.swift */,
				8630C2CA2BBDB0DA00C68995 /* SceneDelegate.swift */,
				8630C2CC2BBDB0DA00C68995 /* ViewController.swift */,
				8630C2CE2BBDB0DA00C68995 /* Main.storyboard */,
				8630C2D12BBDB0DB00C68995 /* Assets.xcassets */,
				8630C2D32BBDB0DB00C68995 /* LaunchScreen.storyboard */,
				8630C2D62BBDB0DB00C68995 /* Info.plist */,
			);
			path = "Take your money";
			sourceTree = "<group>";
		};
		8630C2DE2BBDB0DC00C68995 /* Take your moneyTests */ = {
			isa = PBXGroup;
			children = (
				8630C2DF2BBDB0DC00C68995 /* Take_your_moneyTests.swift */,
			);
			path = "Take your moneyTests";
			sourceTree = "<group>";
		};
		8630C2E82BBDB0DC00C68995 /* Take your moneyUITests */ = {
			isa = PBXGroup;
			children = (
				8630C2E92BBDB0DC00C68995 /* Take_your_moneyUITests.swift */,
				8630C2EB2BBDB0DC00C68995 /* Take_your_moneyUITestsLaunchTests.swift */,
			);
			path = "Take your moneyUITests";
			sourceTree = "<group>";
		};
		8630C2FB2BBDD62800C68995 /* Tabbar */ = {
			isa = PBXGroup;
			children = (
				8630C3002BBDE28200C68995 /* expense */,
				8630C3012BBDE29C00C68995 /* income */,
				8630C2FC2BBDD65600C68995 /* Tabbar.storyboard */,
				8630C2FE2BBDDF6600C68995 /* TabBarController.swift */,
			);
			path = Tabbar;
			sourceTree = "<group>";
		};
		8630C3002BBDE28200C68995 /* expense */ = {
			isa = PBXGroup;
			children = (
				8630C3022BBDE2D100C68995 /* expenseViewController.swift */,
				8630C3062BBDE78D00C68995 /* expenseObject.swift */,
				8630C3082BBDEE1800C68995 /* ExpenseTableViewCell.swift */,
			);
			path = expense;
			sourceTree = "<group>";
		};
		8630C3012BBDE29C00C68995 /* income */ = {
			isa = PBXGroup;
			children = (
				8630C3042BBDE2E300C68995 /* incomeViewController.swift */,
			);
			path = income;
			sourceTree = "<group>";
		};
/* End PBXGroup section */

/* Begin PBXNativeTarget section */
		8630C2C42BBDB0DA00C68995 /* Take your money */ = {
			isa = PBXNativeTarget;
			buildConfigurationList = 8630C2EF2BBDB0DC00C68995 /* Build configuration list for PBXNativeTarget "Take your money" */;
			buildPhases = (
				8630C2C12BBDB0DA00C68995 /* Sources */,
				8630C2C22BBDB0DA00C68995 /* Frameworks */,
				8630C2C32BBDB0DA00C68995 /* Resources */,
			);
			buildRules = (
			);
			dependencies = (
			);
			name = "Take your money";
			productName = "Take your money";
			productReference = 8630C2C52BBDB0DA00C68995 /* Take your money.app */;
			productType = "com.apple.product-type.application";
		};
		8630C2DA2BBDB0DC00C68995 /* Take your moneyTests */ = {
			isa = PBXNativeTarget;
			buildConfigurationList = 8630C2F22BBDB0DC00C68995 /* Build configuration list for PBXNativeTarget "Take your moneyTests" */;
			buildPhases = (
				8630C2D72BBDB0DC00C68995 /* Sources */,
				8630C2D82BBDB0DC00C68995 /* Frameworks */,
				8630C2D92BBDB0DC00C68995 /* Resources */,
			);
			buildRules = (
			);
			dependencies = (
				8630C2DD2BBDB0DC00C68995 /* PBXTargetDependency */,
			);
			name = "Take your moneyTests";
			productName = "Take your moneyTests";
			productReference = 8630C2DB2BBDB0DC00C68995 /* Take your moneyTests.xctest */;
			productType = "com.apple.product-type.bundle.unit-test";
		};
		8630C2E42BBDB0DC00C68995 /* Take your moneyUITests */ = {
			isa = PBXNativeTarget;
			buildConfigurationList = 8630C2F52BBDB0DC00C68995 /* Build configuration list for PBXNativeTarget "Take your moneyUITests" */;
			buildPhases = (
				8630C2E12BBDB0DC00C68995 /* Sources */,
				8630C2E22BBDB0DC00C68995 /* Frameworks */,
				8630C2E32BBDB0DC00C68995 /* Resources */,
			);
			buildRules = (
			);
			dependencies = (
				8630C2E72BBDB0DC00C68995 /* PBXTargetDependency */,
			);
			name = "Take your moneyUITests";
			productName = "Take your moneyUITests";
			productReference = 8630C2E52BBDB0DC00C68995 /* Take your moneyUITests.xctest */;
			productType = "com.apple.product-type.bundle.ui-testing";
		};
/* End PBXNativeTarget section */

/* Begin PBXProject section */
		8630C2BD2BBDB0DA00C68995 /* Project object */ = {
			isa = PBXProject;
			attributes = {
				BuildIndependentTargetsInParallel = 1;
				LastSwiftUpdateCheck = 1530;
				LastUpgradeCheck = 1530;
				TargetAttributes = {
					8630C2C42BBDB0DA00C68995 = {
						CreatedOnToolsVersion = 15.3;
					};
					8630C2DA2BBDB0DC00C68995 = {
						CreatedOnToolsVersion = 15.3;
						TestTargetID = 8630C2C42BBDB0DA00C68995;
					};
					8630C2E42BBDB0DC00C68995 = {
						CreatedOnToolsVersion = 15.3;
						TestTargetID = 8630C2C42BBDB0DA00C68995;
					};
				};
			};
			buildConfigurationList = 8630C2C02BBDB0DA00C68995 /* Build configuration list for PBXProject "Take your money" */;
			compatibilityVersion = "Xcode 14.0";
			developmentRegion = en;
			hasScannedForEncodings = 0;
			knownRegions = (
				en,
				Base,
			);
			mainGroup = 8630C2BC2BBDB0DA00C68995;
			productRefGroup = 8630C2C62BBDB0DA00C68995 /* Products */;
			projectDirPath = "";
			projectRoot = "";
			targets = (
				8630C2C42BBDB0DA00C68995 /* Take your money */,
				8630C2DA2BBDB0DC00C68995 /* Take your moneyTests */,
				8630C2E42BBDB0DC00C68995 /* Take your moneyUITests */,
			);
		};
/* End PBXProject section */

/* Begin PBXResourcesBuildPhase section */
		8630C2C32BBDB0DA00C68995 /* Resources */ = {
			isa = PBXResourcesBuildPhase;
			buildActionMask = 2147483647;
			files = (
				8630C2FD2BBDD65600C68995 /* Tabbar.storyboard in Resources */,
				8630C2D22BBDB0DB00C68995 /* Assets.xcassets in Resources */,
				8630C2D52BBDB0DB00C68995 /* Base in Resources */,
				8630C2D02BBDB0DA00C68995 /* Base in Resources */,
			);
			runOnlyForDeploymentPostprocessing = 0;
		};
		8630C2D92BBDB0DC00C68995 /* Resources */ = {
			isa = PBXResourcesBuildPhase;
			buildActionMask = 2147483647;
			files = (
			);
			runOnlyForDeploymentPostprocessing = 0;
		};
		8630C2E32BBDB0DC00C68995 /* Resources */ = {
			isa = PBXResourcesBuildPhase;
			buildActionMask = 2147483647;
			files = (
			);
			runOnlyForDeploymentPostprocessing = 0;
		};
/* End PBXResourcesBuildPhase section */

/* Begin PBXSourcesBuildPhase section */
		8630C2C12BBDB0DA00C68995 /* Sources */ = {
			isa = PBXSourcesBuildPhase;
			buildActionMask = 2147483647;
			files = (
				8630C3092BBDEE1800C68995 /* ExpenseTableViewCell.swift in Sources */,
				8630C2CD2BBDB0DA00C68995 /* ViewController.swift in Sources */,
				8630C2FF2BBDDF6600C68995 /* TabBarController.swift in Sources */,
				8630C2C92BBDB0DA00C68995 /* AppDelegate.swift in Sources */,
				8630C3072BBDE78D00C68995 /* expenseObject.swift in Sources */,
				8630C2CB2BBDB0DA00C68995 /* SceneDelegate.swift in Sources */,
				8630C3032BBDE2D100C68995 /* expenseViewController.swift in Sources */,
				8630C3052BBDE2E300C68995 /* incomeViewController.swift in Sources */,
			);
			runOnlyForDeploymentPostprocessing = 0;
		};
		8630C2D72BBDB0DC00C68995 /* Sources */ = {
			isa = PBXSourcesBuildPhase;
			buildActionMask = 2147483647;
			files = (
				8630C2E02BBDB0DC00C68995 /* Take_your_moneyTests.swift in Sources */,
			);
			runOnlyForDeploymentPostprocessing = 0;
		};
		8630C2E12BBDB0DC00C68995 /* Sources */ = {
			isa = PBXSourcesBuildPhase;
			buildActionMask = 2147483647;
			files = (
				8630C2EA2BBDB0DC00C68995 /* Take_your_moneyUITests.swift in Sources */,
				8630C2EC2BBDB0DC00C68995 /* Take_your_moneyUITestsLaunchTests.swift in Sources */,
			);
			runOnlyForDeploymentPostprocessing = 0;
		};
/* End PBXSourcesBuildPhase section */

/* Begin PBXTargetDependency section */
		8630C2DD2BBDB0DC00C68995 /* PBXTargetDependency */ = {
			isa = PBXTargetDependency;
			target = 8630C2C42BBDB0DA00C68995 /* Take your money */;
			targetProxy = 8630C2DC2BBDB0DC00C68995 /* PBXContainerItemProxy */;
		};
		8630C2E72BBDB0DC00C68995 /* PBXTargetDependency */ = {
			isa = PBXTargetDependency;
			target = 8630C2C42BBDB0DA00C68995 /* Take your money */;
			targetProxy = 8630C2E62BBDB0DC00C68995 /* PBXContainerItemProxy */;
		};
/* End PBXTargetDependency section */

/* Begin PBXVariantGroup section */
		8630C2CE2BBDB0DA00C68995 /* Main.storyboard */ = {
			isa = PBXVariantGroup;
			children = (
				8630C2CF2BBDB0DA00C68995 /* Base */,
			);
			name = Main.storyboard;
			sourceTree = "<group>";
		};
		8630C2D32BBDB0DB00C68995 /* LaunchScreen.storyboard */ = {
			isa = PBXVariantGroup;
			children = (
				8630C2D42BBDB0DB00C68995 /* Base */,
			);
			name = LaunchScreen.storyboard;
			sourceTree = "<group>";
		};
/* End PBXVariantGroup section */

/* Begin XCBuildConfiguration section */
		8630C2ED2BBDB0DC00C68995 /* Debug */ = {
			isa = XCBuildConfiguration;
			buildSettings = {
				ALWAYS_SEARCH_USER_PATHS = NO;
				ASSETCATALOG_COMPILER_GENERATE_SWIFT_ASSET_SYMBOL_EXTENSIONS = YES;
				CLANG_ANALYZER_NONNULL = YES;
				CLANG_ANALYZER_NUMBER_OBJECT_CONVERSION = YES_AGGRESSIVE;
				CLANG_CXX_LANGUAGE_STANDARD = "gnu++20";
				CLANG_ENABLE_MODULES = YES;
				CLANG_ENABLE_OBJC_ARC = YES;
				CLANG_ENABLE_OBJC_WEAK = YES;
				CLANG_WARN_BLOCK_CAPTURE_AUTORELEASING = YES;
				CLANG_WARN_BOOL_CONVERSION = YES;
				CLANG_WARN_COMMA = YES;
				CLANG_WARN_CONSTANT_CONVERSION = YES;
				CLANG_WARN_DEPRECATED_OBJC_IMPLEMENTATIONS = YES;
				CLANG_WARN_DIRECT_OBJC_ISA_USAGE = YES_ERROR;
				CLANG_WARN_DOCUMENTATION_COMMENTS = YES;
				CLANG_WARN_EMPTY_BODY = YES;
				CLANG_WARN_ENUM_CONVERSION = YES;
				CLANG_WARN_INFINITE_RECURSION = YES;
				CLANG_WARN_INT_CONVERSION = YES;
				CLANG_WARN_NON_LITERAL_NULL_CONVERSION = YES;
				CLANG_WARN_OBJC_IMPLICIT_RETAIN_SELF = YES;
				CLANG_WARN_OBJC_LITERAL_CONVERSION = YES;
				CLANG_WARN_OBJC_ROOT_CLASS = YES_ERROR;
				CLANG_WARN_QUOTED_INCLUDE_IN_FRAMEWORK_HEADER = YES;
				CLANG_WARN_RANGE_LOOP_ANALYSIS = YES;
				CLANG_WARN_STRICT_PROTOTYPES = YES;
				CLANG_WARN_SUSPICIOUS_MOVE = YES;
				CLANG_WARN_UNGUARDED_AVAILABILITY = YES_AGGRESSIVE;
				CLANG_WARN_UNREACHABLE_CODE = YES;
				CLANG_WARN__DUPLICATE_METHOD_MATCH = YES;
				COPY_PHASE_STRIP = NO;
				DEBUG_INFORMATION_FORMAT = dwarf;
				ENABLE_STRICT_OBJC_MSGSEND = YES;
				ENABLE_TESTABILITY = YES;
				ENABLE_USER_SCRIPT_SANDBOXING = YES;
				GCC_C_LANGUAGE_STANDARD = gnu17;
				GCC_DYNAMIC_NO_PIC = NO;
				GCC_NO_COMMON_BLOCKS = YES;
				GCC_OPTIMIZATION_LEVEL = 0;
				GCC_PREPROCESSOR_DEFINITIONS = (
					"DEBUG=1",
					"$(inherited)",
				);
				GCC_WARN_64_TO_32_BIT_CONVERSION = YES;
				GCC_WARN_ABOUT_RETURN_TYPE = YES_ERROR;
				GCC_WARN_UNDECLARED_SELECTOR = YES;
				GCC_WARN_UNINITIALIZED_AUTOS = YES_AGGRESSIVE;
				GCC_WARN_UNUSED_FUNCTION = YES;
				GCC_WARN_UNUSED_VARIABLE = YES;
				IPHONEOS_DEPLOYMENT_TARGET = 17.4;
				LOCALIZATION_PREFERS_STRING_CATALOGS = YES;
				MTL_ENABLE_DEBUG_INFO = INCLUDE_SOURCE;
				MTL_FAST_MATH = YES;
				ONLY_ACTIVE_ARCH = YES;
				SDKROOT = iphoneos;
				SWIFT_ACTIVE_COMPILATION_CONDITIONS = "DEBUG $(inherited)";
				SWIFT_OPTIMIZATION_LEVEL = "-Onone";
			};
			name = Debug;
		};
		8630C2EE2BBDB0DC00C68995 /* Release */ = {
			isa = XCBuildConfiguration;
			buildSettings = {
				ALWAYS_SEARCH_USER_PATHS = NO;
				ASSETCATALOG_COMPILER_GENERATE_SWIFT_ASSET_SYMBOL_EXTENSIONS = YES;
				CLANG_ANALYZER_NONNULL = YES;
				CLANG_ANALYZER_NUMBER_OBJECT_CONVERSION = YES_AGGRESSIVE;
				CLANG_CXX_LANGUAGE_STANDARD = "gnu++20";
				CLANG_ENABLE_MODULES = YES;
				CLANG_ENABLE_OBJC_ARC = YES;
				CLANG_ENABLE_OBJC_WEAK = YES;
				CLANG_WARN_BLOCK_CAPTURE_AUTORELEASING = YES;
				CLANG_WARN_BOOL_CONVERSION = YES;
				CLANG_WARN_COMMA = YES;
				CLANG_WARN_CONSTANT_CONVERSION = YES;
				CLANG_WARN_DEPRECATED_OBJC_IMPLEMENTATIONS = YES;
				CLANG_WARN_DIRECT_OBJC_ISA_USAGE = YES_ERROR;
				CLANG_WARN_DOCUMENTATION_COMMENTS = YES;
				CLANG_WARN_EMPTY_BODY = YES;
				CLANG_WARN_ENUM_CONVERSION = YES;
				CLANG_WARN_INFINITE_RECURSION = YES;
				CLANG_WARN_INT_CONVERSION = YES;
				CLANG_WARN_NON_LITERAL_NULL_CONVERSION = YES;
				CLANG_WARN_OBJC_IMPLICIT_RETAIN_SELF = YES;
				CLANG_WARN_OBJC_LITERAL_CONVERSION = YES;
				CLANG_WARN_OBJC_ROOT_CLASS = YES_ERROR;
				CLANG_WARN_QUOTED_INCLUDE_IN_FRAMEWORK_HEADER = YES;
				CLANG_WARN_RANGE_LOOP_ANALYSIS = YES;
				CLANG_WARN_STRICT_PROTOTYPES = YES;
				CLANG_WARN_SUSPICIOUS_MOVE = YES;
				CLANG_WARN_UNGUARDED_AVAILABILITY = YES_AGGRESSIVE;
				CLANG_WARN_UNREACHABLE_CODE = YES;
				CLANG_WARN__DUPLICATE_METHOD_MATCH = YES;
				COPY_PHASE_STRIP = NO;
				DEBUG_INFORMATION_FORMAT = "dwarf-with-dsym";
				ENABLE_NS_ASSERTIONS = NO;
				ENABLE_STRICT_OBJC_MSGSEND = YES;
				ENABLE_USER_SCRIPT_SANDBOXING = YES;
				GCC_C_LANGUAGE_STANDARD = gnu17;
				GCC_NO_COMMON_BLOCKS = YES;
				GCC_WARN_64_TO_32_BIT_CONVERSION = YES;
				GCC_WARN_ABOUT_RETURN_TYPE = YES_ERROR;
				GCC_WARN_UNDECLARED_SELECTOR = YES;
				GCC_WARN_UNINITIALIZED_AUTOS = YES_AGGRESSIVE;
				GCC_WARN_UNUSED_FUNCTION = YES;
				GCC_WARN_UNUSED_VARIABLE = YES;
				IPHONEOS_DEPLOYMENT_TARGET = 17.4;
				LOCALIZATION_PREFERS_STRING_CATALOGS = YES;
				MTL_ENABLE_DEBUG_INFO = NO;
				MTL_FAST_MATH = YES;
				SDKROOT = iphoneos;
				SWIFT_COMPILATION_MODE = wholemodule;
				VALIDATE_PRODUCT = YES;
			};
			name = Release;
		};
		8630C2F02BBDB0DC00C68995 /* Debug */ = {
			isa = XCBuildConfiguration;
			buildSettings = {
				ASSETCATALOG_COMPILER_APPICON_NAME = AppIcon;
				ASSETCATALOG_COMPILER_GLOBAL_ACCENT_COLOR_NAME = AccentColor;
				CODE_SIGN_STYLE = Automatic;
				CURRENT_PROJECT_VERSION = 1;
				GENERATE_INFOPLIST_FILE = YES;
				INFOPLIST_FILE = "Take your money/Info.plist";
				INFOPLIST_KEY_UIApplicationSupportsIndirectInputEvents = YES;
				INFOPLIST_KEY_UILaunchStoryboardName = LaunchScreen;
				INFOPLIST_KEY_UIMainStoryboardFile = Main;
				INFOPLIST_KEY_UISupportedInterfaceOrientations_iPad = "UIInterfaceOrientationPortrait UIInterfaceOrientationPortraitUpsideDown UIInterfaceOrientationLandscapeLeft UIInterfaceOrientationLandscapeRight";
				INFOPLIST_KEY_UISupportedInterfaceOrientations_iPhone = "UIInterfaceOrientationPortrait UIInterfaceOrientationLandscapeLeft UIInterfaceOrientationLandscapeRight";
				IPHONEOS_DEPLOYMENT_TARGET = 16.1;
				LD_RUNPATH_SEARCH_PATHS = (
					"$(inherited)",
					"@executable_path/Frameworks",
				);
				MARKETING_VERSION = 1.0;
				PRODUCT_BUNDLE_IDENTIFIER = "zhienbaev.Take-your-money";
				PRODUCT_NAME = "$(TARGET_NAME)";
				SWIFT_EMIT_LOC_STRINGS = YES;
				SWIFT_VERSION = 5.0;
				TARGETED_DEVICE_FAMILY = "1,2";
			};
			name = Debug;
		};
		8630C2F12BBDB0DC00C68995 /* Release */ = {
			isa = XCBuildConfiguration;
			buildSettings = {
				ASSETCATALOG_COMPILER_APPICON_NAME = AppIcon;
				ASSETCATALOG_COMPILER_GLOBAL_ACCENT_COLOR_NAME = AccentColor;
				CODE_SIGN_STYLE = Automatic;
				CURRENT_PROJECT_VERSION = 1;
				GENERATE_INFOPLIST_FILE = YES;
				INFOPLIST_FILE = "Take your money/Info.plist";
				INFOPLIST_KEY_UIApplicationSupportsIndirectInputEvents = YES;
				INFOPLIST_KEY_UILaunchStoryboardName = LaunchScreen;
				INFOPLIST_KEY_UIMainStoryboardFile = Main;
				INFOPLIST_KEY_UISupportedInterfaceOrientations_iPad = "UIInterfaceOrientationPortrait UIInterfaceOrientationPortraitUpsideDown UIInterfaceOrientationLandscapeLeft UIInterfaceOrientationLandscapeRight";
				INFOPLIST_KEY_UISupportedInterfaceOrientations_iPhone = "UIInterfaceOrientationPortrait UIInterfaceOrientationLandscapeLeft UIInterfaceOrientationLandscapeRight";
				IPHONEOS_DEPLOYMENT_TARGET = 16.1;
				"IPHONEOS_DEPLOYMENT_TARGET[sdk=iphoneos*]" = 16.1;
				LD_RUNPATH_SEARCH_PATHS = (
					"$(inherited)",
					"@executable_path/Frameworks",
				);
				MARKETING_VERSION = 1.0;
				PRODUCT_BUNDLE_IDENTIFIER = "zhienbaev.Take-your-money";
				PRODUCT_NAME = "$(TARGET_NAME)";
				SWIFT_EMIT_LOC_STRINGS = YES;
				SWIFT_VERSION = 5.0;
				TARGETED_DEVICE_FAMILY = "1,2";
			};
			name = Release;
		};
		8630C2F32BBDB0DC00C68995 /* Debug */ = {
			isa = XCBuildConfiguration;
			buildSettings = {
				ALWAYS_EMBED_SWIFT_STANDARD_LIBRARIES = YES;
				BUNDLE_LOADER = "$(TEST_HOST)";
				CODE_SIGN_STYLE = Automatic;
				CURRENT_PROJECT_VERSION = 1;
				GENERATE_INFOPLIST_FILE = YES;
				IPHONEOS_DEPLOYMENT_TARGET = 17.4;
				MARKETING_VERSION = 1.0;
				PRODUCT_BUNDLE_IDENTIFIER = "zhienbaev.Take-your-moneyTests";
				PRODUCT_NAME = "$(TARGET_NAME)";
				SWIFT_EMIT_LOC_STRINGS = NO;
				SWIFT_VERSION = 5.0;
				TARGETED_DEVICE_FAMILY = "1,2";
				TEST_HOST = "$(BUILT_PRODUCTS_DIR)/Take your money.app/$(BUNDLE_EXECUTABLE_FOLDER_PATH)/Take your money";
			};
			name = Debug;
		};
		8630C2F42BBDB0DC00C68995 /* Release */ = {
			isa = XCBuildConfiguration;
			buildSettings = {
				ALWAYS_EMBED_SWIFT_STANDARD_LIBRARIES = YES;
				BUNDLE_LOADER = "$(TEST_HOST)";
				CODE_SIGN_STYLE = Automatic;
				CURRENT_PROJECT_VERSION = 1;
				GENERATE_INFOPLIST_FILE = YES;
				IPHONEOS_DEPLOYMENT_TARGET = 17.4;
				MARKETING_VERSION = 1.0;
				PRODUCT_BUNDLE_IDENTIFIER = "zhienbaev.Take-your-moneyTests";
				PRODUCT_NAME = "$(TARGET_NAME)";
				SWIFT_EMIT_LOC_STRINGS = NO;
				SWIFT_VERSION = 5.0;
				TARGETED_DEVICE_FAMILY = "1,2";
				TEST_HOST = "$(BUILT_PRODUCTS_DIR)/Take your money.app/$(BUNDLE_EXECUTABLE_FOLDER_PATH)/Take your money";
			};
			name = Release;
		};
		8630C2F62BBDB0DC00C68995 /* Debug */ = {
			isa = XCBuildConfiguration;
			buildSettings = {
				ALWAYS_EMBED_SWIFT_STANDARD_LIBRARIES = YES;
				CODE_SIGN_STYLE = Automatic;
				CURRENT_PROJECT_VERSION = 1;
				GENERATE_INFOPLIST_FILE = YES;
				MARKETING_VERSION = 1.0;
				PRODUCT_BUNDLE_IDENTIFIER = "zhienbaev.Take-your-moneyUITests";
				PRODUCT_NAME = "$(TARGET_NAME)";
				SWIFT_EMIT_LOC_STRINGS = NO;
				SWIFT_VERSION = 5.0;
				TARGETED_DEVICE_FAMILY = "1,2";
				TEST_TARGET_NAME = "Take your money";
			};
			name = Debug;
		};
		8630C2F72BBDB0DC00C68995 /* Release */ = {
			isa = XCBuildConfiguration;
			buildSettings = {
				ALWAYS_EMBED_SWIFT_STANDARD_LIBRARIES = YES;
				CODE_SIGN_STYLE = Automatic;
				CURRENT_PROJECT_VERSION = 1;
				GENERATE_INFOPLIST_FILE = YES;
				MARKETING_VERSION = 1.0;
				PRODUCT_BUNDLE_IDENTIFIER = "zhienbaev.Take-your-moneyUITests";
				PRODUCT_NAME = "$(TARGET_NAME)";
				SWIFT_EMIT_LOC_STRINGS = NO;
				SWIFT_VERSION = 5.0;
				TARGETED_DEVICE_FAMILY = "1,2";
				TEST_TARGET_NAME = "Take your money";
			};
			name = Release;
		};
/* End XCBuildConfiguration section */

/* Begin XCConfigurationList section */
		8630C2C02BBDB0DA00C68995 /* Build configuration list for PBXProject "Take your money" */ = {
			isa = XCConfigurationList;
			buildConfigurations = (
				8630C2ED2BBDB0DC00C68995 /* Debug */,
				8630C2EE2BBDB0DC00C68995 /* Release */,
			);
			defaultConfigurationIsVisible = 0;
			defaultConfigurationName = Release;
		};
		8630C2EF2BBDB0DC00C68995 /* Build configuration list for PBXNativeTarget "Take your money" */ = {
			isa = XCConfigurationList;
			buildConfigurations = (
				8630C2F02BBDB0DC00C68995 /* Debug */,
				8630C2F12BBDB0DC00C68995 /* Release */,
			);
			defaultConfigurationIsVisible = 0;
			defaultConfigurationName = Release;
		};
		8630C2F22BBDB0DC00C68995 /* Build configuration list for PBXNativeTarget "Take your moneyTests" */ = {
			isa = XCConfigurationList;
			buildConfigurations = (
				8630C2F32BBDB0DC00C68995 /* Debug */,
				8630C2F42BBDB0DC00C68995 /* Release */,
			);
			defaultConfigurationIsVisible = 0;
			defaultConfigurationName = Release;
		};
		8630C2F52BBDB0DC00C68995 /* Build configuration list for PBXNativeTarget "Take your moneyUITests" */ = {
			isa = XCConfigurationList;
			buildConfigurations = (
				8630C2F62BBDB0DC00C68995 /* Debug */,
				8630C2F72BBDB0DC00C68995 /* Release */,
			);
			defaultConfigurationIsVisible = 0;
			defaultConfigurationName = Release;
		};
/* End XCConfigurationList section */
	};
	rootObject = 8630C2BD2BBDB0DA00C68995 /* Project object */;
}
